
Microsoft Visual Studio Solution File, Format Version 12.00
# Visual Studio 15
Project("{FAE04EC0-301F-11D3-BF4B-00C04F79EFBC}") = "Aura2_Core", "Aura2_Core.csproj", "{671882D6-A264-4168-7D31-302B8092A8BA}"
EndProject
Project("{FAE04EC0-301F-11D3-BF4B-00C04F79EFBC}") = "SingularityGroup.HotReload.Runtime", "SingularityGroup.HotReload.Runtime.csproj", "{1E4ADBAF-D97F-7D90-8189-998E409E16E1}"
EndProject
Project("{FAE04EC0-301F-11D3-BF4B-00C04F79EFBC}") = "Assembly-CSharp", "Assembly-CSharp.csproj", "{89D1E5EA-0806-C1D4-BFDF-8EB2C51A7EA1}"
EndProject
Project("{FAE04EC0-301F-11D3-BF4B-00C04F79EFBC}") = "DamageNumbersPro", "DamageNumbersPro.csproj", "{4E827680-C150-DB8A-3DD0-D146F94EC12B}"
EndProject
Project("{FAE04EC0-301F-11D3-BF4B-00C04F79EFBC}") = "SingularityGroup.HotReload.Runtime.Public", "SingularityGroup.HotReload.Runtime.Public.csproj", "{81E46A03-FE8B-5060-0AEF-D714EF387674}"
EndProject
Project("{FAE04EC0-301F-11D3-BF4B-00C04F79EFBC}") = "Aura2_Editor", "Aura2_Editor.csproj", "{E70BFE62-1B55-E32B-8E46-EA27F33F6DA3}"
EndProject
Project("{FAE04EC0-301F-11D3-BF4B-00C04F79EFBC}") = "Assembly-CSharp-Editor", "Assembly-CSharp-Editor.csproj", "{04A2B6F6-1174-F7C8-988D-1DA3584565A6}"
EndProject
Project("{FAE04EC0-301F-11D3-BF4B-00C04F79EFBC}") = "SingularityGroup.HotReload.Editor", "SingularityGroup.HotReload.Editor.csproj", "{EAB5ED8E-A6B4-FC08-06EB-742241E88B46}"
EndProject
Global
	GlobalSection(SolutionConfigurationPlatforms) = preSolution
		Debug|Any CPU = Debug|Any CPU
		Release|Any CPU = Release|Any CPU
	EndGlobalSection
	GlobalSection(ProjectConfigurationPlatforms) = postSolution
		{671882D6-A264-4168-7D31-302B8092A8BA}.Debug|Any CPU.ActiveCfg = Debug|Any CPU
		{671882D6-A264-4168-7D31-302B8092A8BA}.Debug|Any CPU.Build.0 = Debug|Any CPU
		{671882D6-A264-4168-7D31-302B8092A8BA}.Release|Any CPU.ActiveCfg = Release|Any CPU
		{671882D6-A264-4168-7D31-302B8092A8BA}.Release|Any CPU.Build.0 = Release|Any CPU
		{1E4ADBAF-D97F-7D90-8189-998E409E16E1}.Debug|Any CPU.ActiveCfg = Debug|Any CPU
		{1E4ADBAF-D97F-7D90-8189-998E409E16E1}.Debug|Any CPU.Build.0 = Debug|Any CPU
		{1E4ADBAF-D97F-7D90-8189-998E409E16E1}.Release|Any CPU.ActiveCfg = Release|Any CPU
		{1E4ADBAF-D97F-7D90-8189-998E409E16E1}.Release|Any CPU.Build.0 = Release|Any CPU
		{89D1E5EA-0806-C1D4-BFDF-8EB2C51A7EA1}.Debug|Any CPU.ActiveCfg = Debug|Any CPU
		{89D1E5EA-0806-C1D4-BFDF-8EB2C51A7EA1}.Debug|Any CPU.Build.0 = Debug|Any CPU
		{89D1E5EA-0806-C1D4-BFDF-8EB2C51A7EA1}.Release|Any CPU.ActiveCfg = Release|Any CPU
		{89D1E5EA-0806-C1D4-BFDF-8EB2C51A7EA1}.Release|Any CPU.Build.0 = Release|Any CPU
		{4E827680-C150-DB8A-3DD0-D146F94EC12B}.Debug|Any CPU.ActiveCfg = Debug|Any CPU
		{4E827680-C150-DB8A-3DD0-D146F94EC12B}.Debug|Any CPU.Build.0 = Debug|Any CPU
		{4E827680-C150-DB8A-3DD0-D146F94EC12B}.Release|Any CPU.ActiveCfg = Release|Any CPU
		{4E827680-C150-DB8A-3DD0-D146F94EC12B}.Release|Any CPU.Build.0 = Release|Any CPU
		{81E46A03-FE8B-5060-0AEF-D714EF387674}.Debug|Any CPU.ActiveCfg = Debug|Any CPU
		{81E46A03-FE8B-5060-0AEF-D714EF387674}.Debug|Any CPU.Build.0 = Debug|Any CPU
		{81E46A03-FE8B-5060-0AEF-D714EF387674}.Release|Any CPU.ActiveCfg = Release|Any CPU
		{81E46A03-FE8B-5060-0AEF-D714EF387674}.Release|Any CPU.Build.0 = Release|Any CPU
		{E70BFE62-1B55-E32B-8E46-EA27F33F6DA3}.Debug|Any CPU.ActiveCfg = Debug|Any CPU
		{E70BFE62-1B55-E32B-8E46-EA27F33F6DA3}.Debug|Any CPU.Build.0 = Debug|Any CPU
		{E70BFE62-1B55-E32B-8E46-EA27F33F6DA3}.Release|Any CPU.ActiveCfg = Release|Any CPU
		{E70BFE62-1B55-E32B-8E46-EA27F33F6DA3}.Release|Any CPU.Build.0 = Release|Any CPU
		{04A2B6F6-1174-F7C8-988D-1DA3584565A6}.Debug|Any CPU.ActiveCfg = Debug|Any CPU
		{04A2B6F6-1174-F7C8-988D-1DA3584565A6}.Debug|Any CPU.Build.0 = Debug|Any CPU
		{04A2B6F6-1174-F7C8-988D-1DA3584565A6}.Release|Any CPU.ActiveCfg = Release|Any CPU
		{04A2B6F6-1174-F7C8-988D-1DA3584565A6}.Release|Any CPU.Build.0 = Release|Any CPU
		{EAB5ED8E-A6B4-FC08-06EB-742241E88B46}.Debug|Any CPU.ActiveCfg = Debug|Any CPU
		{EAB5ED8E-A6B4-FC08-06EB-742241E88B46}.Debug|Any CPU.Build.0 = Debug|Any CPU
		{EAB5ED8E-A6B4-FC08-06EB-742241E88B46}.Release|Any CPU.ActiveCfg = Release|Any CPU
		{EAB5ED8E-A6B4-FC08-06EB-742241E88B46}.Release|Any CPU.Build.0 = Release|Any CPU
	EndGlobalSection
	GlobalSection(SolutionProperties) = preSolution
		HideSolutionNode = FALSE
	EndGlobalSection
EndGlobal
